
Microsoft Visual Studio Solution File, Format Version 12.00
# Visual Studio Version 17
VisualStudioVersion = 17.11.35219.272
MinimumVisualStudioVersion = 10.0.40219.1
Project("{FAE04EC0-301F-11D3-BF4B-00C04F79EFBC}") = "TQ-RNGModCreator", "TQ-RNGModCreator.csproj", "{AB7B6914-7892-4AC7-A7A5-4BF9D0F87A4A}"
EndProject
Global
	GlobalSection(SolutionConfigurationPlatforms) = preSolution
		Debug|Any CPU = Debug|Any CPU
		Release|Any CPU = Release|Any CPU
	EndGlobalSection
	GlobalSection(ProjectConfigurationPlatforms) = postSolution
		{AB7B6914-7892-4AC7-A7A5-4BF9D0F87A4A}.Debug|Any CPU.ActiveCfg = Debug|Any CPU
		{AB7B6914-7892-4AC7-A7A5-4BF9D0F87A4A}.Debug|Any CPU.Build.0 = Debug|Any CPU
		{AB7B6914-7892-4AC7-A7A5-4BF9D0F87A4A}.Release|Any CPU.ActiveCfg = Release|Any CPU
		{AB7B6914-7892-4AC7-A7A5-4BF9D0F87A4A}.Release|Any CPU.Build.0 = Release|Any CPU
	EndGlobalSection
	GlobalSection(SolutionProperties) = preSolution
		HideSolutionNode = FALSE
	EndGlobalSection
	GlobalSection(ExtensibilityGlobals) = postSolution
		SolutionGuid = {F2FBB941-3EA1-40A9-908D-A7A8A9AE9C4F}
	EndGlobalSection
EndGlobal
